// !$*UTF8*$!
{
	archiveVersion = 1;
	classes = {
	};
	objectVersion = 51;
	objects = {

/* Begin PBXBuildFile section */
		BA0D03EE25F8F072005178C0 /* AppDelegate.swift in Sources */ = {isa = PBXBuildFile; fileRef = BA0D03ED25F8F072005178C0 /* AppDelegate.swift */; };
		BA0D03F025F8F072005178C0 /* SceneDelegate.swift in Sources */ = {isa = PBXBuildFile; fileRef = BA0D03EF25F8F072005178C0 /* SceneDelegate.swift */; };
		BA0D03F225F8F072005178C0 /* ViewController.swift in Sources */ = {isa = PBXBuildFile; fileRef = BA0D03F125F8F072005178C0 /* ViewController.swift */; };
		BA0D03F525F8F072005178C0 /* Main.storyboard in Resources */ = {isa = PBXBuildFile; fileRef = BA0D03F325F8F072005178C0 /* Main.storyboard */; };
		BA0D03F825F8F072005178C0 /* KingsCup.xcdatamodeld in Sources */ = {isa = PBXBuildFile; fileRef = BA0D03F625F8F072005178C0 /* KingsCup.xcdatamodeld */; };
		BA0D03FA25F8F073005178C0 /* Assets.xcassets in Resources */ = {isa = PBXBuildFile; fileRef = BA0D03F925F8F073005178C0 /* Assets.xcassets */; };
		BA0D03FD25F8F073005178C0 /* LaunchScreen.storyboard in Resources */ = {isa = PBXBuildFile; fileRef = BA0D03FB25F8F073005178C0 /* LaunchScreen.storyboard */; };
		BA0D040725F8F2F3005178C0 /* HowToPlayViewController.swift in Sources */ = {isa = PBXBuildFile; fileRef = BA0D040625F8F2F3005178C0 /* HowToPlayViewController.swift */; };
		BA4DD2C025F9CBC9004C1FFA /* SetupViewController.swift in Sources */ = {isa = PBXBuildFile; fileRef = BA4DD2BF25F9CBC9004C1FFA /* SetupViewController.swift */; };
		BA8A17B925FB469D00C19BFD /* ResultDetailViewController.swift in Sources */ = {isa = PBXBuildFile; fileRef = BA8A17B825FB469D00C19BFD /* ResultDetailViewController.swift */; };
		BACEE9E52695834900DA2309 /* Rule.swift in Sources */ = {isa = PBXBuildFile; fileRef = BACEE9E42695834900DA2309 /* Rule.swift */; };
		BAD4ECC425FA1DE20080A981 /* PlayGameViewController.swift in Sources */ = {isa = PBXBuildFile; fileRef = BAD4ECC325FA1DE20080A981 /* PlayGameViewController.swift */; };
		E84EC4F4F3275958286B269B /* Pods_KingsCup.framework in Frameworks */ = {isa = PBXBuildFile; fileRef = 75CC7DFF5914BA27816A57FD /* Pods_KingsCup.framework */; };
/* End PBXBuildFile section */

/* Begin PBXFileReference section */
		721B65D0809E37B0BDB487D3 /* Pods-KingsCup.release.xcconfig */ = {isa = PBXFileReference; includeInIndex = 1; lastKnownFileType = text.xcconfig; name = "Pods-KingsCup.release.xcconfig"; path = "Target Support Files/Pods-KingsCup/Pods-KingsCup.release.xcconfig"; sourceTree = "<group>"; };
		75CC7DFF5914BA27816A57FD /* Pods_KingsCup.framework */ = {isa = PBXFileReference; explicitFileType = wrapper.framework; includeInIndex = 0; path = Pods_KingsCup.framework; sourceTree = BUILT_PRODUCTS_DIR; };
		BA0D03EA25F8F072005178C0 /* KingsCup.app */ = {isa = PBXFileReference; explicitFileType = wrapper.application; includeInIndex = 0; path = KingsCup.app; sourceTree = BUILT_PRODUCTS_DIR; };
		BA0D03ED25F8F072005178C0 /* AppDelegate.swift */ = {isa = PBXFileReference; lastKnownFileType = sourcecode.swift; path = AppDelegate.swift; sourceTree = "<group>"; };
		BA0D03EF25F8F072005178C0 /* SceneDelegate.swift */ = {isa = PBXFileReference; lastKnownFileType = sourcecode.swift; path = SceneDelegate.swift; sourceTree = "<group>"; };
		BA0D03F125F8F072005178C0 /* ViewController.swift */ = {isa = PBXFileReference; lastKnownFileType = sourcecode.swift; path = ViewController.swift; sourceTree = "<group>"; };
		BA0D03F425F8F072005178C0 /* Base */ = {isa = PBXFileReference; lastKnownFileType = file.storyboard; name = Base; path = Base.lproj/Main.storyboard; sourceTree = "<group>"; };
		BA0D03F725F8F072005178C0 /* KingsCup.xcdatamodel */ = {isa = PBXFileReference; lastKnownFileType = wrapper.xcdatamodel; path = KingsCup.xcdatamodel; sourceTree = "<group>"; };
		BA0D03F925F8F073005178C0 /* Assets.xcassets */ = {isa = PBXFileReference; lastKnownFileType = folder.assetcatalog; path = Assets.xcassets; sourceTree = "<group>"; };
		BA0D03FC25F8F073005178C0 /* Base */ = {isa = PBXFileReference; lastKnownFileType = file.storyboard; name = Base; path = Base.lproj/LaunchScreen.storyboard; sourceTree = "<group>"; };
		BA0D03FE25F8F073005178C0 /* Info.plist */ = {isa = PBXFileReference; lastKnownFileType = text.plist.xml; path = Info.plist; sourceTree = "<group>"; };
		BA0D040625F8F2F3005178C0 /* HowToPlayViewController.swift */ = {isa = PBXFileReference; lastKnownFileType = sourcecode.swift; path = HowToPlayViewController.swift; sourceTree = "<group>"; };
		BA4DD2BF25F9CBC9004C1FFA /* SetupViewController.swift */ = {isa = PBXFileReference; lastKnownFileType = sourcecode.swift; path = SetupViewController.swift; sourceTree = "<group>"; };
		BA8A17B825FB469D00C19BFD /* ResultDetailViewController.swift */ = {isa = PBXFileReference; lastKnownFileType = sourcecode.swift; path = ResultDetailViewController.swift; sourceTree = "<group>"; };
		BACEE9E42695834900DA2309 /* Rule.swift */ = {isa = PBXFileReference; lastKnownFileType = sourcecode.swift; path = Rule.swift; sourceTree = "<group>"; };
		BAD4ECC325FA1DE20080A981 /* PlayGameViewController.swift */ = {isa = PBXFileReference; lastKnownFileType = sourcecode.swift; path = PlayGameViewController.swift; sourceTree = "<group>"; };
		FB8564EA695C614669FB4DD1 /* Pods-KingsCup.debug.xcconfig */ = {isa = PBXFileReference; includeInIndex = 1; lastKnownFileType = text.xcconfig; name = "Pods-KingsCup.debug.xcconfig"; path = "Target Support Files/Pods-KingsCup/Pods-KingsCup.debug.xcconfig"; sourceTree = "<group>"; };
/* End PBXFileReference section */

/* Begin PBXFrameworksBuildPhase section */
		BA0D03E725F8F072005178C0 /* Frameworks */ = {
			isa = PBXFrameworksBuildPhase;
			buildActionMask = 2147483647;
			files = (
				E84EC4F4F3275958286B269B /* Pods_KingsCup.framework in Frameworks */,
			);
			runOnlyForDeploymentPostprocessing = 0;
		};
/* End PBXFrameworksBuildPhase section */

/* Begin PBXGroup section */
		27B6C71A73EE3489773F003A /* Pods */ = {
			isa = PBXGroup;
			children = (
				FB8564EA695C614669FB4DD1 /* Pods-KingsCup.debug.xcconfig */,
				721B65D0809E37B0BDB487D3 /* Pods-KingsCup.release.xcconfig */,
			);
			path = Pods;
			sourceTree = "<group>";
		};
		BA0D03E125F8F072005178C0 = {
			isa = PBXGroup;
			children = (
				BA0D03EC25F8F072005178C0 /* KingsCup */,
				BA0D03EB25F8F072005178C0 /* Products */,
				27B6C71A73EE3489773F003A /* Pods */,
				EFD22D175848E1E14D7838EA /* Frameworks */,
			);
			sourceTree = "<group>";
		};
		BA0D03EB25F8F072005178C0 /* Products */ = {
			isa = PBXGroup;
			children = (
				BA0D03EA25F8F072005178C0 /* KingsCup.app */,
			);
			name = Products;
			sourceTree = "<group>";
		};
		BA0D03EC25F8F072005178C0 /* KingsCup */ = {
			isa = PBXGroup;
			children = (
				BA0D03ED25F8F072005178C0 /* AppDelegate.swift */,
				BA0D03EF25F8F072005178C0 /* SceneDelegate.swift */,
				BA0D03F125F8F072005178C0 /* ViewController.swift */,
				BA0D040625F8F2F3005178C0 /* HowToPlayViewController.swift */,
				BA4DD2BF25F9CBC9004C1FFA /* SetupViewController.swift */,
				BAD4ECC325FA1DE20080A981 /* PlayGameViewController.swift */,
				BA8A17B825FB469D00C19BFD /* ResultDetailViewController.swift */,
				BA0D03F325F8F072005178C0 /* Main.storyboard */,
				BA0D03F925F8F073005178C0 /* Assets.xcassets */,
				BA0D03FB25F8F073005178C0 /* LaunchScreen.storyboard */,
				BA0D03FE25F8F073005178C0 /* Info.plist */,
				BA0D03F625F8F072005178C0 /* KingsCup.xcdatamodeld */,
				BACEE9E42695834900DA2309 /* Rule.swift */,
			);
			path = KingsCup;
			sourceTree = "<group>";
		};
		EFD22D175848E1E14D7838EA /* Frameworks */ = {
			isa = PBXGroup;
			children = (
				75CC7DFF5914BA27816A57FD /* Pods_KingsCup.framework */,
			);
			name = Frameworks;
			sourceTree = "<group>";
		};
/* End PBXGroup section */

/* Begin PBXNativeTarget section */
		BA0D03E925F8F072005178C0 /* KingsCup */ = {
			isa = PBXNativeTarget;
			buildConfigurationList = BA0D040125F8F073005178C0 /* Build configuration list for PBXNativeTarget "KingsCup" */;
			buildPhases = (
				E22362E863BCFC8002C45A43 /* [CP] Check Pods Manifest.lock */,
				BA0D03E625F8F072005178C0 /* Sources */,
				BA0D03E725F8F072005178C0 /* Frameworks */,
				BA0D03E825F8F072005178C0 /* Resources */,
				FA13C0C3E865C44A9A79E1AE /* [CP] Embed Pods Frameworks */,
			);
			buildRules = (
			);
			dependencies = (
			);
			name = KingsCup;
			productName = KingsCup;
			productReference = BA0D03EA25F8F072005178C0 /* KingsCup.app */;
			productType = "com.apple.product-type.application";
		};
/* End PBXNativeTarget section */

/* Begin PBXProject section */
		BA0D03E225F8F072005178C0 /* Project object */ = {
			isa = PBXProject;
			attributes = {
				LastSwiftUpdateCheck = 1240;
				LastUpgradeCheck = 1240;
				TargetAttributes = {
					BA0D03E925F8F072005178C0 = {
						CreatedOnToolsVersion = 12.4;
					};
				};
			};
			buildConfigurationList = BA0D03E525F8F072005178C0 /* Build configuration list for PBXProject "KingsCup" */;
			compatibilityVersion = "Xcode 9.3";
			developmentRegion = ko;
			hasScannedForEncodings = 0;
			knownRegions = (
				en,
				Base,
			);
			mainGroup = BA0D03E125F8F072005178C0;
			productRefGroup = BA0D03EB25F8F072005178C0 /* Products */;
			projectDirPath = "";
			projectRoot = "";
			targets = (
				BA0D03E925F8F072005178C0 /* KingsCup */,
			);
		};
/* End PBXProject section */

/* Begin PBXResourcesBuildPhase section */
		BA0D03E825F8F072005178C0 /* Resources */ = {
			isa = PBXResourcesBuildPhase;
			buildActionMask = 2147483647;
			files = (
				BA0D03FD25F8F073005178C0 /* LaunchScreen.storyboard in Resources */,
				BA0D03FA25F8F073005178C0 /* Assets.xcassets in Resources */,
				BA0D03F525F8F072005178C0 /* Main.storyboard in Resources */,
			);
			runOnlyForDeploymentPostprocessing = 0;
		};
/* End PBXResourcesBuildPhase section */

/* Begin PBXShellScriptBuildPhase section */
		E22362E863BCFC8002C45A43 /* [CP] Check Pods Manifest.lock */ = {
			isa = PBXShellScriptBuildPhase;
			buildActionMask = 2147483647;
			files = (
			);
			inputFileListPaths = (
			);
			inputPaths = (
				"${PODS_PODFILE_DIR_PATH}/Podfile.lock",
				"${PODS_ROOT}/Manifest.lock",
			);
			name = "[CP] Check Pods Manifest.lock";
			outputFileListPaths = (
			);
			outputPaths = (
				"$(DERIVED_FILE_DIR)/Pods-KingsCup-checkManifestLockResult.txt",
			);
			runOnlyForDeploymentPostprocessing = 0;
			shellPath = /bin/sh;
			shellScript = "diff \"${PODS_PODFILE_DIR_PATH}/Podfile.lock\" \"${PODS_ROOT}/Manifest.lock\" > /dev/null\nif [ $? != 0 ] ; then\n    # print error to STDERR\n    echo \"error: The sandbox is not in sync with the Podfile.lock. Run 'pod install' or update your CocoaPods installation.\" >&2\n    exit 1\nfi\n# This output is used by Xcode 'outputs' to avoid re-running this script phase.\necho \"SUCCESS\" > \"${SCRIPT_OUTPUT_FILE_0}\"\n";
			showEnvVarsInLog = 0;
		};
		FA13C0C3E865C44A9A79E1AE /* [CP] Embed Pods Frameworks */ = {
			isa = PBXShellScriptBuildPhase;
			buildActionMask = 2147483647;
			files = (
			);
			inputFileListPaths = (
				"${PODS_ROOT}/Target Support Files/Pods-KingsCup/Pods-KingsCup-frameworks-${CONFIGURATION}-input-files.xcfilelist",
			);
			name = "[CP] Embed Pods Frameworks";
			outputFileListPaths = (
				"${PODS_ROOT}/Target Support Files/Pods-KingsCup/Pods-KingsCup-frameworks-${CONFIGURATION}-output-files.xcfilelist",
			);
			runOnlyForDeploymentPostprocessing = 0;
			shellPath = /bin/sh;
			shellScript = "\"${PODS_ROOT}/Target Support Files/Pods-KingsCup/Pods-KingsCup-frameworks.sh\"\n";
			showEnvVarsInLog = 0;
		};
/* End PBXShellScriptBuildPhase section */

/* Begin PBXSourcesBuildPhase section */
		BA0D03E625F8F072005178C0 /* Sources */ = {
			isa = PBXSourcesBuildPhase;
			buildActionMask = 2147483647;
			files = (
				BA8A17B925FB469D00C19BFD /* ResultDetailViewController.swift in Sources */,
				BA0D03F225F8F072005178C0 /* ViewController.swift in Sources */,
				BAD4ECC425FA1DE20080A981 /* PlayGameViewController.swift in Sources */,
				BACEE9E52695834900DA2309 /* Rule.swift in Sources */,
				BA0D03F825F8F072005178C0 /* KingsCup.xcdatamodeld in Sources */,
				BA0D03EE25F8F072005178C0 /* AppDelegate.swift in Sources */,
				BA0D03F025F8F072005178C0 /* SceneDelegate.swift in Sources */,
				BA4DD2C025F9CBC9004C1FFA /* SetupViewController.swift in Sources */,
				BA0D040725F8F2F3005178C0 /* HowToPlayViewController.swift in Sources */,
			);
			runOnlyForDeploymentPostprocessing = 0;
		};
/* End PBXSourcesBuildPhase section */

/* Begin PBXVariantGroup section */
		BA0D03F325F8F072005178C0 /* Main.storyboard */ = {
			isa = PBXVariantGroup;
			children = (
				BA0D03F425F8F072005178C0 /* Base */,
			);
			name = Main.storyboard;
			sourceTree = "<group>";
		};
		BA0D03FB25F8F073005178C0 /* LaunchScreen.storyboard */ = {
			isa = PBXVariantGroup;
			children = (
				BA0D03FC25F8F073005178C0 /* Base */,
			);
			name = LaunchScreen.storyboard;
			sourceTree = "<group>";
		};
/* End PBXVariantGroup section */

/* Begin XCBuildConfiguration section */
		BA0D03FF25F8F073005178C0 /* Debug */ = {
			isa = XCBuildConfiguration;
			buildSettings = {
				ALWAYS_SEARCH_USER_PATHS = NO;
				CLANG_ANALYZER_NONNULL = YES;
				CLANG_ANALYZER_NUMBER_OBJECT_CONVERSION = YES_AGGRESSIVE;
				CLANG_CXX_LANGUAGE_STANDARD = "gnu++14";
				CLANG_CXX_LIBRARY = "libc++";
				CLANG_ENABLE_MODULES = YES;
				CLANG_ENABLE_OBJC_ARC = YES;
				CLANG_ENABLE_OBJC_WEAK = YES;
				CLANG_WARN_BLOCK_CAPTURE_AUTORELEASING = YES;
				CLANG_WARN_BOOL_CONVERSION = YES;
				CLANG_WARN_COMMA = YES;
				CLANG_WARN_CONSTANT_CONVERSION = YES;
				CLANG_WARN_DEPRECATED_OBJC_IMPLEMENTATIONS = YES;
				CLANG_WARN_DIRECT_OBJC_ISA_USAGE = YES_ERROR;
				CLANG_WARN_DOCUMENTATION_COMMENTS = YES;
				CLANG_WARN_EMPTY_BODY = YES;
				CLANG_WARN_ENUM_CONVERSION = YES;
				CLANG_WARN_INFINITE_RECURSION = YES;
				CLANG_WARN_INT_CONVERSION = YES;
				CLANG_WARN_NON_LITERAL_NULL_CONVERSION = YES;
				CLANG_WARN_OBJC_IMPLICIT_RETAIN_SELF = YES;
				CLANG_WARN_OBJC_LITERAL_CONVERSION = YES;
				CLANG_WARN_OBJC_ROOT_CLASS = YES_ERROR;
				CLANG_WARN_QUOTED_INCLUDE_IN_FRAMEWORK_HEADER = YES;
				CLANG_WARN_RANGE_LOOP_ANALYSIS = YES;
				CLANG_WARN_STRICT_PROTOTYPES = YES;
				CLANG_WARN_SUSPICIOUS_MOVE = YES;
				CLANG_WARN_UNGUARDED_AVAILABILITY = YES_AGGRESSIVE;
				CLANG_WARN_UNREACHABLE_CODE = YES;
				CLANG_WARN__DUPLICATE_METHOD_MATCH = YES;
				COPY_PHASE_STRIP = NO;
				DEBUG_INFORMATION_FORMAT = dwarf;
				ENABLE_STRICT_OBJC_MSGSEND = YES;
				ENABLE_TESTABILITY = YES;
				GCC_C_LANGUAGE_STANDARD = gnu11;
				GCC_DYNAMIC_NO_PIC = NO;
				GCC_NO_COMMON_BLOCKS = YES;
				GCC_OPTIMIZATION_LEVEL = 0;
				GCC_PREPROCESSOR_DEFINITIONS = (
					"DEBUG=1",
					"$(inherited)",
				);
				GCC_WARN_64_TO_32_BIT_CONVERSION = YES;
				GCC_WARN_ABOUT_RETURN_TYPE = YES_ERROR;
				GCC_WARN_UNDECLARED_SELECTOR = YES;
				GCC_WARN_UNINITIALIZED_AUTOS = YES_AGGRESSIVE;
				GCC_WARN_UNUSED_FUNCTION = YES;
				GCC_WARN_UNUSED_VARIABLE = YES;
				IPHONEOS_DEPLOYMENT_TARGET = 11.0;
				MTL_ENABLE_DEBUG_INFO = INCLUDE_SOURCE;
				MTL_FAST_MATH = YES;
				ONLY_ACTIVE_ARCH = YES;
				SDKROOT = iphoneos;
				SWIFT_ACTIVE_COMPILATION_CONDITIONS = DEBUG;
				SWIFT_OPTIMIZATION_LEVEL = "-Onone";
			};
			name = Debug;
		};
		BA0D040025F8F073005178C0 /* Release */ = {
			isa = XCBuildConfiguration;
			buildSettings = {
				ALWAYS_SEARCH_USER_PATHS = NO;
				CLANG_ANALYZER_NONNULL = YES;
				CLANG_ANALYZER_NUMBER_OBJECT_CONVERSION = YES_AGGRESSIVE;
				CLANG_CXX_LANGUAGE_STANDARD = "gnu++14";
				CLANG_CXX_LIBRARY = "libc++";
				CLANG_ENABLE_MODULES = YES;
				CLANG_ENABLE_OBJC_ARC = YES;
				CLANG_ENABLE_OBJC_WEAK = YES;
				CLANG_WARN_BLOCK_CAPTURE_AUTORELEASING = YES;
				CLANG_WARN_BOOL_CONVERSION = YES;
				CLANG_WARN_COMMA = YES;
				CLANG_WARN_CONSTANT_CONVERSION = YES;
				CLANG_WARN_DEPRECATED_OBJC_IMPLEMENTATIONS = YES;
				CLANG_WARN_DIRECT_OBJC_ISA_USAGE = YES_ERROR;
				CLANG_WARN_DOCUMENTATION_COMMENTS = YES;
				CLANG_WARN_EMPTY_BODY = YES;
				CLANG_WARN_ENUM_CONVERSION = YES;
				CLANG_WARN_INFINITE_RECURSION = YES;
				CLANG_WARN_INT_CONVERSION = YES;
				CLANG_WARN_NON_LITERAL_NULL_CONVERSION = YES;
				CLANG_WARN_OBJC_IMPLICIT_RETAIN_SELF = YES;
				CLANG_WARN_OBJC_LITERAL_CONVERSION = YES;
				CLANG_WARN_OBJC_ROOT_CLASS = YES_ERROR;
				CLANG_WARN_QUOTED_INCLUDE_IN_FRAMEWORK_HEADER = YES;
				CLANG_WARN_RANGE_LOOP_ANALYSIS = YES;
				CLANG_WARN_STRICT_PROTOTYPES = YES;
				CLANG_WARN_SUSPICIOUS_MOVE = YES;
				CLANG_WARN_UNGUARDED_AVAILABILITY = YES_AGGRESSIVE;
				CLANG_WARN_UNREACHABLE_CODE = YES;
				CLANG_WARN__DUPLICATE_METHOD_MATCH = YES;
				COPY_PHASE_STRIP = NO;
				DEBUG_INFORMATION_FORMAT = "dwarf-with-dsym";
				ENABLE_NS_ASSERTIONS = NO;
				ENABLE_STRICT_OBJC_MSGSEND = YES;
				GCC_C_LANGUAGE_STANDARD = gnu11;
				GCC_NO_COMMON_BLOCKS = YES;
				GCC_WARN_64_TO_32_BIT_CONVERSION = YES;
				GCC_WARN_ABOUT_RETURN_TYPE = YES_ERROR;
				GCC_WARN_UNDECLARED_SELECTOR = YES;
				GCC_WARN_UNINITIALIZED_AUTOS = YES_AGGRESSIVE;
				GCC_WARN_UNUSED_FUNCTION = YES;
				GCC_WARN_UNUSED_VARIABLE = YES;
				IPHONEOS_DEPLOYMENT_TARGET = 11.0;
				MTL_ENABLE_DEBUG_INFO = NO;
				MTL_FAST_MATH = YES;
				SDKROOT = iphoneos;
				SWIFT_COMPILATION_MODE = wholemodule;
				SWIFT_OPTIMIZATION_LEVEL = "-O";
				VALIDATE_PRODUCT = YES;
			};
			name = Release;
		};
		BA0D040225F8F073005178C0 /* Debug */ = {
			isa = XCBuildConfiguration;
			baseConfigurationReference = FB8564EA695C614669FB4DD1 /* Pods-KingsCup.debug.xcconfig */;
			buildSettings = {
				ASSETCATALOG_COMPILER_APPICON_NAME = AppIcon;
				ASSETCATALOG_COMPILER_GLOBAL_ACCENT_COLOR_NAME = AccentColor;
				CODE_SIGN_STYLE = Automatic;
				CURRENT_PROJECT_VERSION = 1.1.0;
				DEVELOPMENT_TEAM = 7STK9RT8DD;
				INFOPLIST_FILE = KingsCup/Info.plist;
				IPHONEOS_DEPLOYMENT_TARGET = 12.1;
				LD_RUNPATH_SEARCH_PATHS = (
					"$(inherited)",
					"@executable_path/Frameworks",
				);
				MARKETING_VERSION = 1.1.0;
				PRODUCT_BUNDLE_IDENTIFIER = kr.kerri.MyKingsCup;
				PRODUCT_NAME = "$(TARGET_NAME)";
				SWIFT_VERSION = 5.0;
				TARGETED_DEVICE_FAMILY = 1;
			};
			name = Debug;
		};
		BA0D040325F8F073005178C0 /* Release */ = {
			isa = XCBuildConfiguration;
			baseConfigurationReference = 721B65D0809E37B0BDB487D3 /* Pods-KingsCup.release.xcconfig */;
			buildSettings = {
				ASSETCATALOG_COMPILER_APPICON_NAME = AppIcon;
				ASSETCATALOG_COMPILER_GLOBAL_ACCENT_COLOR_NAME = AccentColor;
				CODE_SIGN_STYLE = Automatic;
				CURRENT_PROJECT_VERSION = 1.1.0;
				DEVELOPMENT_TEAM = 7STK9RT8DD;
				INFOPLIST_FILE = KingsCup/Info.plist;
				IPHONEOS_DEPLOYMENT_TARGET = 12.1;
				LD_RUNPATH_SEARCH_PATHS = (
					"$(inherited)",
					"@executable_path/Frameworks",
				);
				MARKETING_VERSION = 1.1.0;
				PRODUCT_BUNDLE_IDENTIFIER = kr.kerri.MyKingsCup;
				PRODUCT_NAME = "$(TARGET_NAME)";
				SWIFT_VERSION = 5.0;
				TARGETED_DEVICE_FAMILY = 1;
			};
			name = Release;
		};
/* End XCBuildConfiguration section */

/* Begin XCConfigurationList section */
		BA0D03E525F8F072005178C0 /* Build configuration list for PBXProject "KingsCup" */ = {
			isa = XCConfigurationList;
			buildConfigurations = (
				BA0D03FF25F8F073005178C0 /* Debug */,
				BA0D040025F8F073005178C0 /* Release */,
			);
			defaultConfigurationIsVisible = 0;
			defaultConfigurationName = Release;
		};
		BA0D040125F8F073005178C0 /* Build configuration list for PBXNativeTarget "KingsCup" */ = {
			isa = XCConfigurationList;
			buildConfigurations = (
				BA0D040225F8F073005178C0 /* Debug */,
				BA0D040325F8F073005178C0 /* Release */,
			);
			defaultConfigurationIsVisible = 0;
			defaultConfigurationName = Release;
		};
/* End XCConfigurationList section */

/* Begin XCVersionGroup section */
		BA0D03F625F8F072005178C0 /* KingsCup.xcdatamodeld */ = {
			isa = XCVersionGroup;
			children = (
				BA0D03F725F8F072005178C0 /* KingsCup.xcdatamodel */,
			);
			currentVersion = BA0D03F725F8F072005178C0 /* KingsCup.xcdatamodel */;
			path = KingsCup.xcdatamodeld;
			sourceTree = "<group>";
			versionGroupType = wrapper.xcdatamodel;
		};
/* End XCVersionGroup section */
	};
	rootObject = BA0D03E225F8F072005178C0 /* Project object */;
}
